// !$*UTF8*$!
{
	archiveVersion = 1;
	classes = {
	};
	objectVersion = 56;
	objects = {

/* Begin PBXBuildFile section */
		A1460CF129CD0BB300A922C6 /* main.swift in Sources */ = {isa = PBXBuildFile; fileRef = A1460CF029CD0BB300A922C6 /* main.swift */; };
		A1460CF829CD0BE000A922C6 /* Piece.swift in Sources */ = {isa = PBXBuildFile; fileRef = A1460CF729CD0BE000A922C6 /* Piece.swift */; };
		A1460CFA29CD0C1100A922C6 /* Pawn.swift in Sources */ = {isa = PBXBuildFile; fileRef = A1460CF929CD0C1100A922C6 /* Pawn.swift */; };
		A1460CFC29CD0C3600A922C6 /* Knight.swift in Sources */ = {isa = PBXBuildFile; fileRef = A1460CFB29CD0C3600A922C6 /* Knight.swift */; };
		A1460CFE29CD0C5600A922C6 /* Bishop.swift in Sources */ = {isa = PBXBuildFile; fileRef = A1460CFD29CD0C5600A922C6 /* Bishop.swift */; };
		A1460D0029CD0C7200A922C6 /* Rook.swift in Sources */ = {isa = PBXBuildFile; fileRef = A1460CFF29CD0C7200A922C6 /* Rook.swift */; };
		A1460D0229CD0C9700A922C6 /* Queen.swift in Sources */ = {isa = PBXBuildFile; fileRef = A1460D0129CD0C9700A922C6 /* Queen.swift */; };
		A1460D0429CD0CB700A922C6 /* King.swift in Sources */ = {isa = PBXBuildFile; fileRef = A1460D0329CD0CB700A922C6 /* King.swift */; };
/* End PBXBuildFile section */

/* Begin PBXCopyFilesBuildPhase section */
		A1460CEB29CD0BB300A922C6 /* CopyFiles */ = {
			isa = PBXCopyFilesBuildPhase;
			buildActionMask = 2147483647;
			dstPath = /usr/share/man/man1/;
			dstSubfolderSpec = 0;
			files = (
			);
			runOnlyForDeploymentPostprocessing = 1;
		};
/* End PBXCopyFilesBuildPhase section */

/* Begin PBXFileReference section */
		A1460CED29CD0BB300A922C6 /* PlayChess */ = {isa = PBXFileReference; explicitFileType = "compiled.mach-o.executable"; includeInIndex = 0; path = PlayChess; sourceTree = BUILT_PRODUCTS_DIR; };
		A1460CF029CD0BB300A922C6 /* main.swift */ = {isa = PBXFileReference; lastKnownFileType = sourcecode.swift; path = main.swift; sourceTree = "<group>"; };
		A1460CF729CD0BE000A922C6 /* Piece.swift */ = {isa = PBXFileReference; lastKnownFileType = sourcecode.swift; path = Piece.swift; sourceTree = "<group>"; };
		A1460CF929CD0C1100A922C6 /* Pawn.swift */ = {isa = PBXFileReference; lastKnownFileType = sourcecode.swift; path = Pawn.swift; sourceTree = "<group>"; };
		A1460CFB29CD0C3600A922C6 /* Knight.swift */ = {isa = PBXFileReference; lastKnownFileType = sourcecode.swift; path = Knight.swift; sourceTree = "<group>"; };
		A1460CFD29CD0C5600A922C6 /* Bishop.swift */ = {isa = PBXFileReference; lastKnownFileType = sourcecode.swift; path = Bishop.swift; sourceTree = "<group>"; };
		A1460CFF29CD0C7200A922C6 /* Rook.swift */ = {isa = PBXFileReference; lastKnownFileType = sourcecode.swift; path = Rook.swift; sourceTree = "<group>"; };
		A1460D0129CD0C9700A922C6 /* Queen.swift */ = {isa = PBXFileReference; lastKnownFileType = sourcecode.swift; path = Queen.swift; sourceTree = "<group>"; };
		A1460D0329CD0CB700A922C6 /* King.swift */ = {isa = PBXFileReference; lastKnownFileType = sourcecode.swift; path = King.swift; sourceTree = "<group>"; };
/* End PBXFileReference section */

/* Begin PBXFrameworksBuildPhase section */
		A1460CEA29CD0BB300A922C6 /* Frameworks */ = {
			isa = PBXFrameworksBuildPhase;
			buildActionMask = 2147483647;
			files = (
			);
			runOnlyForDeploymentPostprocessing = 0;
		};
/* End PBXFrameworksBuildPhase section */

/* Begin PBXGroup section */
		A1460CE429CD0BB300A922C6 = {
			isa = PBXGroup;
			children = (
				A1460CEF29CD0BB300A922C6 /* PlayChess */,
				A1460CEE29CD0BB300A922C6 /* Products */,
			);
			sourceTree = "<group>";
		};
		A1460CEE29CD0BB300A922C6 /* Products */ = {
			isa = PBXGroup;
			children = (
				A1460CED29CD0BB300A922C6 /* PlayChess */,
			);
			name = Products;
			sourceTree = "<group>";
		};
		A1460CEF29CD0BB300A922C6 /* PlayChess */ = {
			isa = PBXGroup;
			children = (
				A1460CF029CD0BB300A922C6 /* main.swift */,
				A1460CF729CD0BE000A922C6 /* Piece.swift */,
				A1460CF929CD0C1100A922C6 /* Pawn.swift */,
				A1460CFB29CD0C3600A922C6 /* Knight.swift */,
				A1460CFD29CD0C5600A922C6 /* Bishop.swift */,
				A1460CFF29CD0C7200A922C6 /* Rook.swift */,
				A1460D0129CD0C9700A922C6 /* Queen.swift */,
				A1460D0329CD0CB700A922C6 /* King.swift */,
			);
			path = PlayChess;
			sourceTree = "<group>";
		};
/* End PBXGroup section */

/* Begin PBXNativeTarget section */
		A1460CEC29CD0BB300A922C6 /* PlayChess */ = {
			isa = PBXNativeTarget;
			buildConfigurationList = A1460CF429CD0BB300A922C6 /* Build configuration list for PBXNativeTarget "PlayChess" */;
			buildPhases = (
				A1460CE929CD0BB300A922C6 /* Sources */,
				A1460CEA29CD0BB300A922C6 /* Frameworks */,
				A1460CEB29CD0BB300A922C6 /* CopyFiles */,
			);
			buildRules = (
			);
			dependencies = (
			);
			name = PlayChess;
			productName = PlayChess;
			productReference = A1460CED29CD0BB300A922C6 /* PlayChess */;
			productType = "com.apple.product-type.tool";
		};
/* End PBXNativeTarget section */

/* Begin PBXProject section */
		A1460CE529CD0BB300A922C6 /* Project object */ = {
			isa = PBXProject;
			attributes = {
				BuildIndependentTargetsInParallel = 1;
				LastSwiftUpdateCheck = 1420;
				LastUpgradeCheck = 1420;
				TargetAttributes = {
					A1460CEC29CD0BB300A922C6 = {
						CreatedOnToolsVersion = 14.2;
					};
				};
			};
			buildConfigurationList = A1460CE829CD0BB300A922C6 /* Build configuration list for PBXProject "PlayChess" */;
			compatibilityVersion = "Xcode 14.0";
			developmentRegion = en;
			hasScannedForEncodings = 0;
			knownRegions = (
				en,
				Base,
			);
			mainGroup = A1460CE429CD0BB300A922C6;
			productRefGroup = A1460CEE29CD0BB300A922C6 /* Products */;
			projectDirPath = "";
			projectRoot = "";
			targets = (
				A1460CEC29CD0BB300A922C6 /* PlayChess */,
			);
		};
/* End PBXProject section */

/* Begin PBXSourcesBuildPhase section */
		A1460CE929CD0BB300A922C6 /* Sources */ = {
			isa = PBXSourcesBuildPhase;
			buildActionMask = 2147483647;
			files = (
				A1460CFC29CD0C3600A922C6 /* Knight.swift in Sources */,
				A1460CFE29CD0C5600A922C6 /* Bishop.swift in Sources */,
				A1460D0229CD0C9700A922C6 /* Queen.swift in Sources */,
				A1460D0029CD0C7200A922C6 /* Rook.swift in Sources */,
				A1460CF829CD0BE000A922C6 /* Piece.swift in Sources */,
				A1460CFA29CD0C1100A922C6 /* Pawn.swift in Sources */,
				A1460D0429CD0CB700A922C6 /* King.swift in Sources */,
				A1460CF129CD0BB300A922C6 /* main.swift in Sources */,
			);
			runOnlyForDeploymentPostprocessing = 0;
		};
/* End PBXSourcesBuildPhase section */

/* Begin XCBuildConfiguration section */
		A1460CF229CD0BB300A922C6 /* Debug */ = {
			isa = XCBuildConfiguration;
			buildSettings = {
				ALWAYS_SEARCH_USER_PATHS = NO;
				CLANG_ANALYZER_NONNULL = YES;
				CLANG_ANALYZER_NUMBER_OBJECT_CONVERSION = YES_AGGRESSIVE;
				CLANG_CXX_LANGUAGE_STANDARD = "gnu++20";
				CLANG_ENABLE_MODULES = YES;
				CLANG_ENABLE_OBJC_ARC = YES;
				CLANG_ENABLE_OBJC_WEAK = YES;
				CLANG_WARN_BLOCK_CAPTURE_AUTORELEASING = YES;
				CLANG_WARN_BOOL_CONVERSION = YES;
				CLANG_WARN_COMMA = YES;
				CLANG_WARN_CONSTANT_CONVERSION = YES;
				CLANG_WARN_DEPRECATED_OBJC_IMPLEMENTATIONS = YES;
				CLANG_WARN_DIRECT_OBJC_ISA_USAGE = YES_ERROR;
				CLANG_WARN_DOCUMENTATION_COMMENTS = YES;
				CLANG_WARN_EMPTY_BODY = YES;
				CLANG_WARN_ENUM_CONVERSION = YES;
				CLANG_WARN_INFINITE_RECURSION = YES;
				CLANG_WARN_INT_CONVERSION = YES;
				CLANG_WARN_NON_LITERAL_NULL_CONVERSION = YES;
				CLANG_WARN_OBJC_IMPLICIT_RETAIN_SELF = YES;
				CLANG_WARN_OBJC_LITERAL_CONVERSION = YES;
				CLANG_WARN_OBJC_ROOT_CLASS = YES_ERROR;
				CLANG_WARN_QUOTED_INCLUDE_IN_FRAMEWORK_HEADER = YES;
				CLANG_WARN_RANGE_LOOP_ANALYSIS = YES;
				CLANG_WARN_STRICT_PROTOTYPES = YES;
				CLANG_WARN_SUSPICIOUS_MOVE = YES;
				CLANG_WARN_UNGUARDED_AVAILABILITY = YES_AGGRESSIVE;
				CLANG_WARN_UNREACHABLE_CODE = YES;
				CLANG_WARN__DUPLICATE_METHOD_MATCH = YES;
				COPY_PHASE_STRIP = NO;
				DEBUG_INFORMATION_FORMAT = dwarf;
				ENABLE_STRICT_OBJC_MSGSEND = YES;
				ENABLE_TESTABILITY = YES;
				GCC_C_LANGUAGE_STANDARD = gnu11;
				GCC_DYNAMIC_NO_PIC = NO;
				GCC_NO_COMMON_BLOCKS = YES;
				GCC_OPTIMIZATION_LEVEL = 0;
				GCC_PREPROCESSOR_DEFINITIONS = (
					"DEBUG=1",
					"$(inherited)",
				);
				GCC_WARN_64_TO_32_BIT_CONVERSION = YES;
				GCC_WARN_ABOUT_RETURN_TYPE = YES_ERROR;
				GCC_WARN_UNDECLARED_SELECTOR = YES;
				GCC_WARN_UNINITIALIZED_AUTOS = YES_AGGRESSIVE;
				GCC_WARN_UNUSED_FUNCTION = YES;
				GCC_WARN_UNUSED_VARIABLE = YES;
				MACOSX_DEPLOYMENT_TARGET = 13.1;
				MTL_ENABLE_DEBUG_INFO = INCLUDE_SOURCE;
				MTL_FAST_MATH = YES;
				ONLY_ACTIVE_ARCH = YES;
				SDKROOT = macosx;
				SWIFT_ACTIVE_COMPILATION_CONDITIONS = DEBUG;
				SWIFT_OPTIMIZATION_LEVEL = "-Onone";
			};
			name = Debug;
		};
		A1460CF329CD0BB300A922C6 /* Release */ = {
			isa = XCBuildConfiguration;
			buildSettings = {
				ALWAYS_SEARCH_USER_PATHS = NO;
				CLANG_ANALYZER_NONNULL = YES;
				CLANG_ANALYZER_NUMBER_OBJECT_CONVERSION = YES_AGGRESSIVE;
				CLANG_CXX_LANGUAGE_STANDARD = "gnu++20";
				CLANG_ENABLE_MODULES = YES;
				CLANG_ENABLE_OBJC_ARC = YES;
				CLANG_ENABLE_OBJC_WEAK = YES;
				CLANG_WARN_BLOCK_CAPTURE_AUTORELEASING = YES;
				CLANG_WARN_BOOL_CONVERSION = YES;
				CLANG_WARN_COMMA = YES;
				CLANG_WARN_CONSTANT_CONVERSION = YES;
				CLANG_WARN_DEPRECATED_OBJC_IMPLEMENTATIONS = YES;
				CLANG_WARN_DIRECT_OBJC_ISA_USAGE = YES_ERROR;
				CLANG_WARN_DOCUMENTATION_COMMENTS = YES;
				CLANG_WARN_EMPTY_BODY = YES;
				CLANG_WARN_ENUM_CONVERSION = YES;
				CLANG_WARN_INFINITE_RECURSION = YES;
				CLANG_WARN_INT_CONVERSION = YES;
				CLANG_WARN_NON_LITERAL_NULL_CONVERSION = YES;
				CLANG_WARN_OBJC_IMPLICIT_RETAIN_SELF = YES;
				CLANG_WARN_OBJC_LITERAL_CONVERSION = YES;
				CLANG_WARN_OBJC_ROOT_CLASS = YES_ERROR;
				CLANG_WARN_QUOTED_INCLUDE_IN_FRAMEWORK_HEADER = YES;
				CLANG_WARN_RANGE_LOOP_ANALYSIS = YES;
				CLANG_WARN_STRICT_PROTOTYPES = YES;
				CLANG_WARN_SUSPICIOUS_MOVE = YES;
				CLANG_WARN_UNGUARDED_AVAILABILITY = YES_AGGRESSIVE;
				CLANG_WARN_UNREACHABLE_CODE = YES;
				CLANG_WARN__DUPLICATE_METHOD_MATCH = YES;
				COPY_PHASE_STRIP = NO;
				DEBUG_INFORMATION_FORMAT = "dwarf-with-dsym";
				ENABLE_NS_ASSERTIONS = NO;
				ENABLE_STRICT_OBJC_MSGSEND = YES;
				GCC_C_LANGUAGE_STANDARD = gnu11;
				GCC_NO_COMMON_BLOCKS = YES;
				GCC_WARN_64_TO_32_BIT_CONVERSION = YES;
				GCC_WARN_ABOUT_RETURN_TYPE = YES_ERROR;
				GCC_WARN_UNDECLARED_SELECTOR = YES;
				GCC_WARN_UNINITIALIZED_AUTOS = YES_AGGRESSIVE;
				GCC_WARN_UNUSED_FUNCTION = YES;
				GCC_WARN_UNUSED_VARIABLE = YES;
				MACOSX_DEPLOYMENT_TARGET = 13.1;
				MTL_ENABLE_DEBUG_INFO = NO;
				MTL_FAST_MATH = YES;
				SDKROOT = macosx;
				SWIFT_COMPILATION_MODE = wholemodule;
				SWIFT_OPTIMIZATION_LEVEL = "-O";
			};
			name = Release;
		};
		A1460CF529CD0BB300A922C6 /* Debug */ = {
			isa = XCBuildConfiguration;
			buildSettings = {
				CODE_SIGN_STYLE = Automatic;
				PRODUCT_NAME = "$(TARGET_NAME)";
				SWIFT_VERSION = 5.0;
			};
			name = Debug;
		};
		A1460CF629CD0BB300A922C6 /* Release */ = {
			isa = XCBuildConfiguration;
			buildSettings = {
				CODE_SIGN_STYLE = Automatic;
				PRODUCT_NAME = "$(TARGET_NAME)";
				SWIFT_VERSION = 5.0;
			};
			name = Release;
		};
/* End XCBuildConfiguration section */

/* Begin XCConfigurationList section */
		A1460CE829CD0BB300A922C6 /* Build configuration list for PBXProject "PlayChess" */ = {
			isa = XCConfigurationList;
			buildConfigurations = (
				A1460CF229CD0BB300A922C6 /* Debug */,
				A1460CF329CD0BB300A922C6 /* Release */,
			);
			defaultConfigurationIsVisible = 0;
			defaultConfigurationName = Release;
		};
		A1460CF429CD0BB300A922C6 /* Build configuration list for PBXNativeTarget "PlayChess" */ = {
			isa = XCConfigurationList;
			buildConfigurations = (
				A1460CF529CD0BB300A922C6 /* Debug */,
				A1460CF629CD0BB300A922C6 /* Release */,
			);
			defaultConfigurationIsVisible = 0;
			defaultConfigurationName = Release;
		};
/* End XCConfigurationList section */
	};
	rootObject = A1460CE529CD0BB300A922C6 /* Project object */;
}
